// !$*UTF8*$!
{
	archiveVersion = 1;
	classes = {
	};
	objectVersion = 56;
	objects = {

/* Begin PBXBuildFile section */
		0FD9C5C62A2225D500C5F270 /* ProperDependencyInjectionApp.swift in Sources */ = {isa = PBXBuildFile; fileRef = 0FD9C5C52A2225D500C5F270 /* ProperDependencyInjectionApp.swift */; };
		0FD9C5C82A2225D500C5F270 /* ContentView.swift in Sources */ = {isa = PBXBuildFile; fileRef = 0FD9C5C72A2225D500C5F270 /* ContentView.swift */; };
		0FD9C5CA2A2225D600C5F270 /* Assets.xcassets in Resources */ = {isa = PBXBuildFile; fileRef = 0FD9C5C92A2225D600C5F270 /* Assets.xcassets */; };
		0FD9C5CE2A2225D600C5F270 /* Preview Assets.xcassets in Resources */ = {isa = PBXBuildFile; fileRef = 0FD9C5CD2A2225D600C5F270 /* Preview Assets.xcassets */; };
		0FD9C5D82A2225D600C5F270 /* ProperDependencyInjectionTests.swift in Sources */ = {isa = PBXBuildFile; fileRef = 0FD9C5D72A2225D600C5F270 /* ProperDependencyInjectionTests.swift */; };
		0FD9C5F12A2225FD00C5F270 /* RemoteFeedLoaderTests.swift in Sources */ = {isa = PBXBuildFile; fileRef = 0FD9C5F02A2225FD00C5F270 /* RemoteFeedLoaderTests.swift */; };
/* End PBXBuildFile section */

/* Begin PBXContainerItemProxy section */
		0FD9C5D42A2225D600C5F270 /* PBXContainerItemProxy */ = {
			isa = PBXContainerItemProxy;
			containerPortal = 0FD9C5BA2A2225D500C5F270 /* Project object */;
			proxyType = 1;
			remoteGlobalIDString = 0FD9C5C12A2225D500C5F270;
			remoteInfo = ProperDependencyInjection;
		};
/* End PBXContainerItemProxy section */

/* Begin PBXFileReference section */
		0FD9C5C22A2225D500C5F270 /* ProperDependencyInjection.app */ = {isa = PBXFileReference; explicitFileType = wrapper.application; includeInIndex = 0; path = ProperDependencyInjection.app; sourceTree = BUILT_PRODUCTS_DIR; };
		0FD9C5C52A2225D500C5F270 /* ProperDependencyInjectionApp.swift */ = {isa = PBXFileReference; lastKnownFileType = sourcecode.swift; path = ProperDependencyInjectionApp.swift; sourceTree = "<group>"; };
		0FD9C5C72A2225D500C5F270 /* ContentView.swift */ = {isa = PBXFileReference; lastKnownFileType = sourcecode.swift; path = ContentView.swift; sourceTree = "<group>"; };
		0FD9C5C92A2225D600C5F270 /* Assets.xcassets */ = {isa = PBXFileReference; lastKnownFileType = folder.assetcatalog; path = Assets.xcassets; sourceTree = "<group>"; };
		0FD9C5CB2A2225D600C5F270 /* ProperDependencyInjection.entitlements */ = {isa = PBXFileReference; lastKnownFileType = text.plist.entitlements; path = ProperDependencyInjection.entitlements; sourceTree = "<group>"; };
		0FD9C5CD2A2225D600C5F270 /* Preview Assets.xcassets */ = {isa = PBXFileReference; lastKnownFileType = folder.assetcatalog; path = "Preview Assets.xcassets"; sourceTree = "<group>"; };
		0FD9C5D32A2225D600C5F270 /* ProperDependencyInjectionTests.xctest */ = {isa = PBXFileReference; explicitFileType = wrapper.cfbundle; includeInIndex = 0; path = ProperDependencyInjectionTests.xctest; sourceTree = BUILT_PRODUCTS_DIR; };
		0FD9C5D72A2225D600C5F270 /* ProperDependencyInjectionTests.swift */ = {isa = PBXFileReference; lastKnownFileType = sourcecode.swift; path = ProperDependencyInjectionTests.swift; sourceTree = "<group>"; };
		0FD9C5E12A2225D600C5F270 /* ProperDependencyInjectionUITests.swift */ = {isa = PBXFileReference; lastKnownFileType = sourcecode.swift; path = ProperDependencyInjectionUITests.swift; sourceTree = "<group>"; };
		0FD9C5E32A2225D600C5F270 /* ProperDependencyInjectionUITestsLaunchTests.swift */ = {isa = PBXFileReference; lastKnownFileType = sourcecode.swift; path = ProperDependencyInjectionUITestsLaunchTests.swift; sourceTree = "<group>"; };
		0FD9C5F02A2225FD00C5F270 /* RemoteFeedLoaderTests.swift */ = {isa = PBXFileReference; lastKnownFileType = sourcecode.swift; path = RemoteFeedLoaderTests.swift; sourceTree = "<group>"; };
/* End PBXFileReference section */

/* Begin PBXFrameworksBuildPhase section */
		0FD9C5BF2A2225D500C5F270 /* Frameworks */ = {
			isa = PBXFrameworksBuildPhase;
			buildActionMask = 2147483647;
			files = (
			);
			runOnlyForDeploymentPostprocessing = 0;
		};
		0FD9C5D02A2225D600C5F270 /* Frameworks */ = {
			isa = PBXFrameworksBuildPhase;
			buildActionMask = 2147483647;
			files = (
			);
			runOnlyForDeploymentPostprocessing = 0;
		};
/* End PBXFrameworksBuildPhase section */

/* Begin PBXGroup section */
		0FD9C5B92A2225D500C5F270 = {
			isa = PBXGroup;
			children = (
				0FD9C5C42A2225D500C5F270 /* ProperDependencyInjection */,
				0FD9C5D62A2225D600C5F270 /* ProperDependencyInjectionTests */,
				0FD9C5E02A2225D600C5F270 /* ProperDependencyInjectionUITests */,
				0FD9C5C32A2225D500C5F270 /* Products */,
			);
			sourceTree = "<group>";
		};
		0FD9C5C32A2225D500C5F270 /* Products */ = {
			isa = PBXGroup;
			children = (
				0FD9C5C22A2225D500C5F270 /* ProperDependencyInjection.app */,
				0FD9C5D32A2225D600C5F270 /* ProperDependencyInjectionTests.xctest */,
			);
			name = Products;
			sourceTree = "<group>";
		};
		0FD9C5C42A2225D500C5F270 /* ProperDependencyInjection */ = {
			isa = PBXGroup;
			children = (
				0FD9C5C52A2225D500C5F270 /* ProperDependencyInjectionApp.swift */,
				0FD9C5C72A2225D500C5F270 /* ContentView.swift */,
				0FD9C5C92A2225D600C5F270 /* Assets.xcassets */,
				0FD9C5CB2A2225D600C5F270 /* ProperDependencyInjection.entitlements */,
				0FD9C5CC2A2225D600C5F270 /* Preview Content */,
			);
			path = ProperDependencyInjection;
			sourceTree = "<group>";
		};
		0FD9C5CC2A2225D600C5F270 /* Preview Content */ = {
			isa = PBXGroup;
			children = (
				0FD9C5CD2A2225D600C5F270 /* Preview Assets.xcassets */,
			);
			path = "Preview Content";
			sourceTree = "<group>";
		};
		0FD9C5D62A2225D600C5F270 /* ProperDependencyInjectionTests */ = {
			isa = PBXGroup;
			children = (
				0FD9C5D72A2225D600C5F270 /* ProperDependencyInjectionTests.swift */,
				0FD9C5F02A2225FD00C5F270 /* RemoteFeedLoaderTests.swift */,
			);
			path = ProperDependencyInjectionTests;
			sourceTree = "<group>";
		};
		0FD9C5E02A2225D600C5F270 /* ProperDependencyInjectionUITests */ = {
			isa = PBXGroup;
			children = (
				0FD9C5E12A2225D600C5F270 /* ProperDependencyInjectionUITests.swift */,
				0FD9C5E32A2225D600C5F270 /* ProperDependencyInjectionUITestsLaunchTests.swift */,
			);
			path = ProperDependencyInjectionUITests;
			sourceTree = "<group>";
		};
/* End PBXGroup section */

/* Begin PBXNativeTarget section */
		0FD9C5C12A2225D500C5F270 /* ProperDependencyInjection */ = {
			isa = PBXNativeTarget;
			buildConfigurationList = 0FD9C5E72A2225D600C5F270 /* Build configuration list for PBXNativeTarget "ProperDependencyInjection" */;
			buildPhases = (
				0FD9C5BE2A2225D500C5F270 /* Sources */,
				0FD9C5BF2A2225D500C5F270 /* Frameworks */,
				0FD9C5C02A2225D500C5F270 /* Resources */,
			);
			buildRules = (
			);
			dependencies = (
			);
			name = ProperDependencyInjection;
			productName = ProperDependencyInjection;
			productReference = 0FD9C5C22A2225D500C5F270 /* ProperDependencyInjection.app */;
			productType = "com.apple.product-type.application";
		};
		0FD9C5D22A2225D600C5F270 /* ProperDependencyInjectionTests */ = {
			isa = PBXNativeTarget;
			buildConfigurationList = 0FD9C5EA2A2225D600C5F270 /* Build configuration list for PBXNativeTarget "ProperDependencyInjectionTests" */;
			buildPhases = (
				0FD9C5CF2A2225D600C5F270 /* Sources */,
				0FD9C5D02A2225D600C5F270 /* Frameworks */,
				0FD9C5D12A2225D600C5F270 /* Resources */,
			);
			buildRules = (
			);
			dependencies = (
				0FD9C5D52A2225D600C5F270 /* PBXTargetDependency */,
			);
			name = ProperDependencyInjectionTests;
			productName = ProperDependencyInjectionTests;
			productReference = 0FD9C5D32A2225D600C5F270 /* ProperDependencyInjectionTests.xctest */;
			productType = "com.apple.product-type.bundle.unit-test";
		};
/* End PBXNativeTarget section */

/* Begin PBXProject section */
		0FD9C5BA2A2225D500C5F270 /* Project object */ = {
			isa = PBXProject;
			attributes = {
				BuildIndependentTargetsInParallel = 1;
				LastSwiftUpdateCheck = 1430;
				LastUpgradeCheck = 1430;
				TargetAttributes = {
					0FD9C5C12A2225D500C5F270 = {
						CreatedOnToolsVersion = 14.3;
					};
					0FD9C5D22A2225D600C5F270 = {
						CreatedOnToolsVersion = 14.3;
						TestTargetID = 0FD9C5C12A2225D500C5F270;
					};
				};
			};
			buildConfigurationList = 0FD9C5BD2A2225D500C5F270 /* Build configuration list for PBXProject "ProperDependencyInjection" */;
			compatibilityVersion = "Xcode 14.0";
			developmentRegion = en;
			hasScannedForEncodings = 0;
			knownRegions = (
				en,
				Base,
			);
			mainGroup = 0FD9C5B92A2225D500C5F270;
			productRefGroup = 0FD9C5C32A2225D500C5F270 /* Products */;
			projectDirPath = "";
			projectRoot = "";
			targets = (
				0FD9C5C12A2225D500C5F270 /* ProperDependencyInjection */,
				0FD9C5D22A2225D600C5F270 /* ProperDependencyInjectionTests */,
			);
		};
/* End PBXProject section */

/* Begin PBXResourcesBuildPhase section */
		0FD9C5C02A2225D500C5F270 /* Resources */ = {
			isa = PBXResourcesBuildPhase;
			buildActionMask = 2147483647;
			files = (
				0FD9C5CE2A2225D600C5F270 /* Preview Assets.xcassets in Resources */,
				0FD9C5CA2A2225D600C5F270 /* Assets.xcassets in Resources */,
			);
			runOnlyForDeploymentPostprocessing = 0;
		};
		0FD9C5D12A2225D600C5F270 /* Resources */ = {
			isa = PBXResourcesBuildPhase;
			buildActionMask = 2147483647;
			files = (
			);
			runOnlyForDeploymentPostprocessing = 0;
		};
/* End PBXResourcesBuildPhase section */

/* Begin PBXSourcesBuildPhase section */
		0FD9C5BE2A2225D500C5F270 /* Sources */ = {
			isa = PBXSourcesBuildPhase;
			buildActionMask = 2147483647;
			files = (
				0FD9C5C82A2225D500C5F270 /* ContentView.swift in Sources */,
				0FD9C5C62A2225D500C5F270 /* ProperDependencyInjectionApp.swift in Sources */,
			);
			runOnlyForDeploymentPostprocessing = 0;
		};
		0FD9C5CF2A2225D600C5F270 /* Sources */ = {
			isa = PBXSourcesBuildPhase;
			buildActionMask = 2147483647;
			files = (
				0FD9C5F12A2225FD00C5F270 /* RemoteFeedLoaderTests.swift in Sources */,
				0FD9C5D82A2225D600C5F270 /* ProperDependencyInjectionTests.swift in Sources */,
			);
			runOnlyForDeploymentPostprocessing = 0;
		};
/* End PBXSourcesBuildPhase section */

/* Begin PBXTargetDependency section */
		0FD9C5D52A2225D600C5F270 /* PBXTargetDependency */ = {
			isa = PBXTargetDependency;
			target = 0FD9C5C12A2225D500C5F270 /* ProperDependencyInjection */;
			targetProxy = 0FD9C5D42A2225D600C5F270 /* PBXContainerItemProxy */;
		};
/* End PBXTargetDependency section */

/* Begin XCBuildConfiguration section */
		0FD9C5E52A2225D600C5F270 /* Debug */ = {
			isa = XCBuildConfiguration;
			buildSettings = {
				ALWAYS_SEARCH_USER_PATHS = NO;
				CLANG_ANALYZER_NONNULL = YES;
				CLANG_ANALYZER_NUMBER_OBJECT_CONVERSION = YES_AGGRESSIVE;
				CLANG_CXX_LANGUAGE_STANDARD = "gnu++20";
				CLANG_ENABLE_MODULES = YES;
				CLANG_ENABLE_OBJC_ARC = YES;
				CLANG_ENABLE_OBJC_WEAK = YES;
				CLANG_WARN_BLOCK_CAPTURE_AUTORELEASING = YES;
				CLANG_WARN_BOOL_CONVERSION = YES;
				CLANG_WARN_COMMA = YES;
				CLANG_WARN_CONSTANT_CONVERSION = YES;
				CLANG_WARN_DEPRECATED_OBJC_IMPLEMENTATIONS = YES;
				CLANG_WARN_DIRECT_OBJC_ISA_USAGE = YES_ERROR;
				CLANG_WARN_DOCUMENTATION_COMMENTS = YES;
				CLANG_WARN_EMPTY_BODY = YES;
				CLANG_WARN_ENUM_CONVERSION = YES;
				CLANG_WARN_INFINITE_RECURSION = YES;
				CLANG_WARN_INT_CONVERSION = YES;
				CLANG_WARN_NON_LITERAL_NULL_CONVERSION = YES;
				CLANG_WARN_OBJC_IMPLICIT_RETAIN_SELF = YES;
				CLANG_WARN_OBJC_LITERAL_CONVERSION = YES;
				CLANG_WARN_OBJC_ROOT_CLASS = YES_ERROR;
				CLANG_WARN_QUOTED_INCLUDE_IN_FRAMEWORK_HEADER = YES;
				CLANG_WARN_RANGE_LOOP_ANALYSIS = YES;
				CLANG_WARN_STRICT_PROTOTYPES = YES;
				CLANG_WARN_SUSPICIOUS_MOVE = YES;
				CLANG_WARN_UNGUARDED_AVAILABILITY = YES_AGGRESSIVE;
				CLANG_WARN_UNREACHABLE_CODE = YES;
				CLANG_WARN__DUPLICATE_METHOD_MATCH = YES;
				COPY_PHASE_STRIP = NO;
				DEBUG_INFORMATION_FORMAT = dwarf;
				ENABLE_STRICT_OBJC_MSGSEND = YES;
				ENABLE_TESTABILITY = YES;
				GCC_C_LANGUAGE_STANDARD = gnu11;
				GCC_DYNAMIC_NO_PIC = NO;
				GCC_NO_COMMON_BLOCKS = YES;
				GCC_OPTIMIZATION_LEVEL = 0;
				GCC_PREPROCESSOR_DEFINITIONS = (
					"DEBUG=1",
					"$(inherited)",
				);
				GCC_WARN_64_TO_32_BIT_CONVERSION = YES;
				GCC_WARN_ABOUT_RETURN_TYPE = YES_ERROR;
				GCC_WARN_UNDECLARED_SELECTOR = YES;
				GCC_WARN_UNINITIALIZED_AUTOS = YES_AGGRESSIVE;
				GCC_WARN_UNUSED_FUNCTION = YES;
				GCC_WARN_UNUSED_VARIABLE = YES;
				MTL_ENABLE_DEBUG_INFO = INCLUDE_SOURCE;
				MTL_FAST_MATH = YES;
				ONLY_ACTIVE_ARCH = YES;
				SWIFT_ACTIVE_COMPILATION_CONDITIONS = DEBUG;
				SWIFT_OPTIMIZATION_LEVEL = "-Onone";
			};
			name = Debug;
		};
		0FD9C5E62A2225D600C5F270 /* Release */ = {
			isa = XCBuildConfiguration;
			buildSettings = {
				ALWAYS_SEARCH_USER_PATHS = NO;
				CLANG_ANALYZER_NONNULL = YES;
				CLANG_ANALYZER_NUMBER_OBJECT_CONVERSION = YES_AGGRESSIVE;
				CLANG_CXX_LANGUAGE_STANDARD = "gnu++20";
				CLANG_ENABLE_MODULES = YES;
				CLANG_ENABLE_OBJC_ARC = YES;
				CLANG_ENABLE_OBJC_WEAK = YES;
				CLANG_WARN_BLOCK_CAPTURE_AUTORELEASING = YES;
				CLANG_WARN_BOOL_CONVERSION = YES;
				CLANG_WARN_COMMA = YES;
				CLANG_WARN_CONSTANT_CONVERSION = YES;
				CLANG_WARN_DEPRECATED_OBJC_IMPLEMENTATIONS = YES;
				CLANG_WARN_DIRECT_OBJC_ISA_USAGE = YES_ERROR;
				CLANG_WARN_DOCUMENTATION_COMMENTS = YES;
				CLANG_WARN_EMPTY_BODY = YES;
				CLANG_WARN_ENUM_CONVERSION = YES;
				CLANG_WARN_INFINITE_RECURSION = YES;
				CLANG_WARN_INT_CONVERSION = YES;
				CLANG_WARN_NON_LITERAL_NULL_CONVERSION = YES;
				CLANG_WARN_OBJC_IMPLICIT_RETAIN_SELF = YES;
				CLANG_WARN_OBJC_LITERAL_CONVERSION = YES;
				CLANG_WARN_OBJC_ROOT_CLASS = YES_ERROR;
				CLANG_WARN_QUOTED_INCLUDE_IN_FRAMEWORK_HEADER = YES;
				CLANG_WARN_RANGE_LOOP_ANALYSIS = YES;
				CLANG_WARN_STRICT_PROTOTYPES = YES;
				CLANG_WARN_SUSPICIOUS_MOVE = YES;
				CLANG_WARN_UNGUARDED_AVAILABILITY = YES_AGGRESSIVE;
				CLANG_WARN_UNREACHABLE_CODE = YES;
				CLANG_WARN__DUPLICATE_METHOD_MATCH = YES;
				COPY_PHASE_STRIP = NO;
				DEBUG_INFORMATION_FORMAT = "dwarf-with-dsym";
				ENABLE_NS_ASSERTIONS = NO;
				ENABLE_STRICT_OBJC_MSGSEND = YES;
				GCC_C_LANGUAGE_STANDARD = gnu11;
				GCC_NO_COMMON_BLOCKS = YES;
				GCC_WARN_64_TO_32_BIT_CONVERSION = YES;
				GCC_WARN_ABOUT_RETURN_TYPE = YES_ERROR;
				GCC_WARN_UNDECLARED_SELECTOR = YES;
				GCC_WARN_UNINITIALIZED_AUTOS = YES_AGGRESSIVE;
				GCC_WARN_UNUSED_FUNCTION = YES;
				GCC_WARN_UNUSED_VARIABLE = YES;
				MTL_ENABLE_DEBUG_INFO = NO;
				MTL_FAST_MATH = YES;
				SWIFT_COMPILATION_MODE = wholemodule;
				SWIFT_OPTIMIZATION_LEVEL = "-O";
			};
			name = Release;
		};
		0FD9C5E82A2225D600C5F270 /* Debug */ = {
			isa = XCBuildConfiguration;
			buildSettings = {
				ASSETCATALOG_COMPILER_APPICON_NAME = AppIcon;
				ASSETCATALOG_COMPILER_GLOBAL_ACCENT_COLOR_NAME = AccentColor;
				CODE_SIGN_ENTITLEMENTS = ProperDependencyInjection/ProperDependencyInjection.entitlements;
				CODE_SIGN_STYLE = Automatic;
				CURRENT_PROJECT_VERSION = 1;
				DEVELOPMENT_ASSET_PATHS = "\"ProperDependencyInjection/Preview Content\"";
				DEVELOPMENT_TEAM = T8A6D5XA63;
				ENABLE_HARDENED_RUNTIME = YES;
				ENABLE_PREVIEWS = YES;
				GENERATE_INFOPLIST_FILE = YES;
				"INFOPLIST_KEY_UIApplicationSceneManifest_Generation[sdk=iphoneos*]" = YES;
				"INFOPLIST_KEY_UIApplicationSceneManifest_Generation[sdk=iphonesimulator*]" = YES;
				"INFOPLIST_KEY_UIApplicationSupportsIndirectInputEvents[sdk=iphoneos*]" = YES;
				"INFOPLIST_KEY_UIApplicationSupportsIndirectInputEvents[sdk=iphonesimulator*]" = YES;
				"INFOPLIST_KEY_UILaunchScreen_Generation[sdk=iphoneos*]" = YES;
				"INFOPLIST_KEY_UILaunchScreen_Generation[sdk=iphonesimulator*]" = YES;
				"INFOPLIST_KEY_UIStatusBarStyle[sdk=iphoneos*]" = UIStatusBarStyleDefault;
				"INFOPLIST_KEY_UIStatusBarStyle[sdk=iphonesimulator*]" = UIStatusBarStyleDefault;
				INFOPLIST_KEY_UISupportedInterfaceOrientations_iPad = "UIInterfaceOrientationPortrait UIInterfaceOrientationPortraitUpsideDown UIInterfaceOrientationLandscapeLeft UIInterfaceOrientationLandscapeRight";
				INFOPLIST_KEY_UISupportedInterfaceOrientations_iPhone = "UIInterfaceOrientationPortrait UIInterfaceOrientationLandscapeLeft UIInterfaceOrientationLandscapeRight";
				IPHONEOS_DEPLOYMENT_TARGET = 16.4;
				LD_RUNPATH_SEARCH_PATHS = "@executable_path/Frameworks";
				"LD_RUNPATH_SEARCH_PATHS[sdk=macosx*]" = "@executable_path/../Frameworks";
				MACOSX_DEPLOYMENT_TARGET = 13.2;
				MARKETING_VERSION = 1.0;
				PRODUCT_BUNDLE_IDENTIFIER = com.saad.ProperDependencyInjection;
				PRODUCT_NAME = "$(TARGET_NAME)";
				SDKROOT = auto;
				SUPPORTED_PLATFORMS = "iphoneos iphonesimulator macosx";
				SWIFT_EMIT_LOC_STRINGS = YES;
				SWIFT_VERSION = 5.0;
				TARGETED_DEVICE_FAMILY = "1,2";
			};
			name = Debug;
		};
		0FD9C5E92A2225D600C5F270 /* Release */ = {
			isa = XCBuildConfiguration;
			buildSettings = {
				ASSETCATALOG_COMPILER_APPICON_NAME = AppIcon;
				ASSETCATALOG_COMPILER_GLOBAL_ACCENT_COLOR_NAME = AccentColor;
				CODE_SIGN_ENTITLEMENTS = ProperDependencyInjection/ProperDependencyInjection.entitlements;
				CODE_SIGN_STYLE = Automatic;
				CURRENT_PROJECT_VERSION = 1;
				DEVELOPMENT_ASSET_PATHS = "\"ProperDependencyInjection/Preview Content\"";
				DEVELOPMENT_TEAM = T8A6D5XA63;
				ENABLE_HARDENED_RUNTIME = YES;
				ENABLE_PREVIEWS = YES;
				GENERATE_INFOPLIST_FILE = YES;
				"INFOPLIST_KEY_UIApplicationSceneManifest_Generation[sdk=iphoneos*]" = YES;
				"INFOPLIST_KEY_UIApplicationSceneManifest_Generation[sdk=iphonesimulator*]" = YES;
				"INFOPLIST_KEY_UIApplicationSupportsIndirectInputEvents[sdk=iphoneos*]" = YES;
				"INFOPLIST_KEY_UIApplicationSupportsIndirectInputEvents[sdk=iphonesimulator*]" = YES;
				"INFOPLIST_KEY_UILaunchScreen_Generation[sdk=iphoneos*]" = YES;
				"INFOPLIST_KEY_UILaunchScreen_Generation[sdk=iphonesimulator*]" = YES;
				"INFOPLIST_KEY_UIStatusBarStyle[sdk=iphoneos*]" = UIStatusBarStyleDefault;
				"INFOPLIST_KEY_UIStatusBarStyle[sdk=iphonesimulator*]" = UIStatusBarStyleDefault;
				INFOPLIST_KEY_UISupportedInterfaceOrientations_iPad = "UIInterfaceOrientationPortrait UIInterfaceOrientationPortraitUpsideDown UIInterfaceOrientationLandscapeLeft UIInterfaceOrientationLandscapeRight";
				INFOPLIST_KEY_UISupportedInterfaceOrientations_iPhone = "UIInterfaceOrientationPortrait UIInterfaceOrientationLandscapeLeft UIInterfaceOrientationLandscapeRight";
				IPHONEOS_DEPLOYMENT_TARGET = 16.4;
				LD_RUNPATH_SEARCH_PATHS = "@executable_path/Frameworks";
				"LD_RUNPATH_SEARCH_PATHS[sdk=macosx*]" = "@executable_path/../Frameworks";
				MACOSX_DEPLOYMENT_TARGET = 13.2;
				MARKETING_VERSION = 1.0;
				PRODUCT_BUNDLE_IDENTIFIER = com.saad.ProperDependencyInjection;
				PRODUCT_NAME = "$(TARGET_NAME)";
				SDKROOT = auto;
				SUPPORTED_PLATFORMS = "iphoneos iphonesimulator macosx";
				SWIFT_EMIT_LOC_STRINGS = YES;
				SWIFT_VERSION = 5.0;
				TARGETED_DEVICE_FAMILY = "1,2";
			};
			name = Release;
		};
		0FD9C5EB2A2225D600C5F270 /* Debug */ = {
			isa = XCBuildConfiguration;
			buildSettings = {
				ALWAYS_EMBED_SWIFT_STANDARD_LIBRARIES = YES;
				BUNDLE_LOADER = "$(TEST_HOST)";
				CODE_SIGN_STYLE = Automatic;
				CURRENT_PROJECT_VERSION = 1;
				DEVELOPMENT_TEAM = T8A6D5XA63;
				GENERATE_INFOPLIST_FILE = YES;
				IPHONEOS_DEPLOYMENT_TARGET = 16.4;
				MACOSX_DEPLOYMENT_TARGET = 13.2;
				MARKETING_VERSION = 1.0;
				PRODUCT_BUNDLE_IDENTIFIER = com.saad.ProperDependencyInjectionTests;
				PRODUCT_NAME = "$(TARGET_NAME)";
				SDKROOT = auto;
				SUPPORTED_PLATFORMS = "iphoneos iphonesimulator macosx";
				SWIFT_EMIT_LOC_STRINGS = NO;
				SWIFT_VERSION = 5.0;
				TARGETED_DEVICE_FAMILY = "1,2";
				TEST_HOST = "$(BUILT_PRODUCTS_DIR)/ProperDependencyInjection.app/$(BUNDLE_EXECUTABLE_FOLDER_PATH)/ProperDependencyInjection";
			};
			name = Debug;
		};
		0FD9C5EC2A2225D600C5F270 /* Release */ = {
			isa = XCBuildConfiguration;
			buildSettings = {
				ALWAYS_EMBED_SWIFT_STANDARD_LIBRARIES = YES;
				BUNDLE_LOADER = "$(TEST_HOST)";
				CODE_SIGN_STYLE = Automatic;
				CURRENT_PROJECT_VERSION = 1;
				DEVELOPMENT_TEAM = T8A6D5XA63;
				GENERATE_INFOPLIST_FILE = YES;
				IPHONEOS_DEPLOYMENT_TARGET = 16.4;
				MACOSX_DEPLOYMENT_TARGET = 13.2;
				MARKETING_VERSION = 1.0;
				PRODUCT_BUNDLE_IDENTIFIER = com.saad.ProperDependencyInjectionTests;
				PRODUCT_NAME = "$(TARGET_NAME)";
				SDKROOT = auto;
				SUPPORTED_PLATFORMS = "iphoneos iphonesimulator macosx";
				SWIFT_EMIT_LOC_STRINGS = NO;
				SWIFT_VERSION = 5.0;
				TARGETED_DEVICE_FAMILY = "1,2";
				TEST_HOST = "$(BUILT_PRODUCTS_DIR)/ProperDependencyInjection.app/$(BUNDLE_EXECUTABLE_FOLDER_PATH)/ProperDependencyInjection";
			};
			name = Release;
		};
/* End XCBuildConfiguration section */

/* Begin XCConfigurationList section */
		0FD9C5BD2A2225D500C5F270 /* Build configuration list for PBXProject "ProperDependencyInjection" */ = {
			isa = XCConfigurationList;
			buildConfigurations = (
				0FD9C5E52A2225D600C5F270 /* Debug */,
				0FD9C5E62A2225D600C5F270 /* Release */,
			);
			defaultConfigurationIsVisible = 0;
			defaultConfigurationName = Release;
		};
		0FD9C5E72A2225D600C5F270 /* Build configuration list for PBXNativeTarget "ProperDependencyInjection" */ = {
			isa = XCConfigurationList;
			buildConfigurations = (
				0FD9C5E82A2225D600C5F270 /* Debug */,
				0FD9C5E92A2225D600C5F270 /* Release */,
			);
			defaultConfigurationIsVisible = 0;
			defaultConfigurationName = Release;
		};
		0FD9C5EA2A2225D600C5F270 /* Build configuration list for PBXNativeTarget "ProperDependencyInjectionTests" */ = {
			isa = XCConfigurationList;
			buildConfigurations = (
				0FD9C5EB2A2225D600C5F270 /* Debug */,
				0FD9C5EC2A2225D600C5F270 /* Release */,
			);
			defaultConfigurationIsVisible = 0;
			defaultConfigurationName = Release;
		};
/* End XCConfigurationList section */
	};
	rootObject = 0FD9C5BA2A2225D500C5F270 /* Project object */;
}
